
Microsoft Visual Studio Solution File, Format Version 12.00
# Visual Studio Version 16
VisualStudioVersion = 16.0.31624.102
MinimumVisualStudioVersion = 10.0.40219.1
Project("{FAE04EC0-301F-11D3-BF4B-00C04F79EFBC}") = "TicTocToe", "TicTocToe\TicTocToe.csproj", "{661D211E-32C6-4332-AE6B-4EEAD2AC2582}"
EndProject
Global
	GlobalSection(SolutionConfigurationPlatforms) = preSolution
		Debug|Any CPU = Debug|Any CPU
		Release|Any CPU = Release|Any CPU
	EndGlobalSection
	GlobalSection(ProjectConfigurationPlatforms) = postSolution
		{661D211E-32C6-4332-AE6B-4EEAD2AC2582}.Debug|Any CPU.ActiveCfg = Debug|Any CPU
		{661D211E-32C6-4332-AE6B-4EEAD2AC2582}.Debug|Any CPU.Build.0 = Debug|Any CPU
		{661D211E-32C6-4332-AE6B-4EEAD2AC2582}.Release|Any CPU.ActiveCfg = Release|Any CPU
		{661D211E-32C6-4332-AE6B-4EEAD2AC2582}.Release|Any CPU.Build.0 = Release|Any CPU
	EndGlobalSection
	GlobalSection(SolutionProperties) = preSolution
		HideSolutionNode = FALSE
	EndGlobalSection
	GlobalSection(ExtensibilityGlobals) = postSolution
		SolutionGuid = {17BE81D8-A25E-4C8D-87CE-07B98B34F25B}
	EndGlobalSection
EndGlobal
